
Microsoft Visual Studio Solution File, Format Version 12.00
# Visual Studio Version 17
VisualStudioVersion = 17.9.34723.18
MinimumVisualStudioVersion = 10.0.40219.1
Project("{FAE04EC0-301F-11D3-BF4B-00C04F79EFBC}") = "evaluateGrades using methods", "evaluateGrades using methods.csproj", "{662BDAC8-9126-4ACE-9FC8-FE4A87EE9CAC}"
EndProject
Global
	GlobalSection(SolutionConfigurationPlatforms) = preSolution
		Debug|Any CPU = Debug|Any CPU
		Release|Any CPU = Release|Any CPU
	EndGlobalSection
	GlobalSection(ProjectConfigurationPlatforms) = postSolution
		{662BDAC8-9126-4ACE-9FC8-FE4A87EE9CAC}.Debug|Any CPU.ActiveCfg = Debug|Any CPU
		{662BDAC8-9126-4ACE-9FC8-FE4A87EE9CAC}.Debug|Any CPU.Build.0 = Debug|Any CPU
		{662BDAC8-9126-4ACE-9FC8-FE4A87EE9CAC}.Release|Any CPU.ActiveCfg = Release|Any CPU
		{662BDAC8-9126-4ACE-9FC8-FE4A87EE9CAC}.Release|Any CPU.Build.0 = Release|Any CPU
	EndGlobalSection
	GlobalSection(SolutionProperties) = preSolution
		HideSolutionNode = FALSE
	EndGlobalSection
	GlobalSection(ExtensibilityGlobals) = postSolution
		SolutionGuid = {FA329527-387C-4459-AF66-CC8A81D834A4}
	EndGlobalSection
EndGlobal
