
Microsoft Visual Studio Solution File, Format Version 12.00
# Visual Studio Version 17
VisualStudioVersion = 17.9.34723.18
MinimumVisualStudioVersion = 10.0.40219.1
Project("{FAE04EC0-301F-11D3-BF4B-00C04F79EFBC}") = "SimpleCalculator using methods", "SimpleCalculator using methods.csproj", "{5C53C9F4-18DF-4FF6-9F1E-E0DB4EA4CE3F}"
EndProject
Global
	GlobalSection(SolutionConfigurationPlatforms) = preSolution
		Debug|Any CPU = Debug|Any CPU
		Release|Any CPU = Release|Any CPU
	EndGlobalSection
	GlobalSection(ProjectConfigurationPlatforms) = postSolution
		{5C53C9F4-18DF-4FF6-9F1E-E0DB4EA4CE3F}.Debug|Any CPU.ActiveCfg = Debug|Any CPU
		{5C53C9F4-18DF-4FF6-9F1E-E0DB4EA4CE3F}.Debug|Any CPU.Build.0 = Debug|Any CPU
		{5C53C9F4-18DF-4FF6-9F1E-E0DB4EA4CE3F}.Release|Any CPU.ActiveCfg = Release|Any CPU
		{5C53C9F4-18DF-4FF6-9F1E-E0DB4EA4CE3F}.Release|Any CPU.Build.0 = Release|Any CPU
	EndGlobalSection
	GlobalSection(SolutionProperties) = preSolution
		HideSolutionNode = FALSE
	EndGlobalSection
	GlobalSection(ExtensibilityGlobals) = postSolution
		SolutionGuid = {755C3FD1-200A-4419-9AF7-62D3922B5BDF}
	EndGlobalSection
EndGlobal
